{
  "name": "cloc-lib",
  "version": "1.0.0",
  "lockfileVersion": 1,
  "requires": true,
  "dependencies": {
    "cloc": {
      "version": "2.4.0",
      "resolved": "https://registry.npmjs.org/cloc/-/cloc-2.4.0.tgz",
      "integrity": "sha512-uDJwmipIYX1rjkaPYaYhvwvq7YBDgKrX1gdDRLGAH3374u/ZRC+wQBpSL+zhEWoXfxW26rDGhYkfX4YTXphK5Q=="
    }
  }
}
